
Microsoft Visual Studio Solution File, Format Version 12.00
# Visual Studio Version 17
VisualStudioVersion = 17.6.33723.286
MinimumVisualStudioVersion = 10.0.40219.1
Project("{9A19103F-16F7-4668-BE54-9A1E7A4F7556}") = "Bunny.Net.TechTest.Api", "Bunny.Net.TechTest.Api\Bunny.Net.TechTest.Api.csproj", "{2D449DF6-D5C9-4A1B-8BD9-3D7FDC36DB2F}"
EndProject
Project("{FAE04EC0-301F-11D3-BF4B-00C04F79EFBC}") = "Bunny.Net.TechTest.Core", "Bunny.Net.TechTest.Core\Bunny.Net.TechTest.Core.csproj", "{34A65144-5893-407E-8E16-F46819BCB5CC}"
EndProject
Project("{FAE04EC0-301F-11D3-BF4B-00C04F79EFBC}") = "Bunny.Net.TechTest.Models", "Bunny.Net.TechTest.Models\Bunny.Net.TechTest.Models.csproj", "{90AB6B82-9F1F-4299-80FE-8BBE2679F89D}"
EndProject
Global
	GlobalSection(SolutionConfigurationPlatforms) = preSolution
		Debug|Any CPU = Debug|Any CPU
		Release|Any CPU = Release|Any CPU
	EndGlobalSection
	GlobalSection(ProjectConfigurationPlatforms) = postSolution
		{2D449DF6-D5C9-4A1B-8BD9-3D7FDC36DB2F}.Debug|Any CPU.ActiveCfg = Debug|Any CPU
		{2D449DF6-D5C9-4A1B-8BD9-3D7FDC36DB2F}.Debug|Any CPU.Build.0 = Debug|Any CPU
		{2D449DF6-D5C9-4A1B-8BD9-3D7FDC36DB2F}.Release|Any CPU.ActiveCfg = Release|Any CPU
		{2D449DF6-D5C9-4A1B-8BD9-3D7FDC36DB2F}.Release|Any CPU.Build.0 = Release|Any CPU
		{34A65144-5893-407E-8E16-F46819BCB5CC}.Debug|Any CPU.ActiveCfg = Debug|Any CPU
		{34A65144-5893-407E-8E16-F46819BCB5CC}.Debug|Any CPU.Build.0 = Debug|Any CPU
		{34A65144-5893-407E-8E16-F46819BCB5CC}.Release|Any CPU.ActiveCfg = Release|Any CPU
		{34A65144-5893-407E-8E16-F46819BCB5CC}.Release|Any CPU.Build.0 = Release|Any CPU
		{90AB6B82-9F1F-4299-80FE-8BBE2679F89D}.Debug|Any CPU.ActiveCfg = Debug|Any CPU
		{90AB6B82-9F1F-4299-80FE-8BBE2679F89D}.Debug|Any CPU.Build.0 = Debug|Any CPU
		{90AB6B82-9F1F-4299-80FE-8BBE2679F89D}.Release|Any CPU.ActiveCfg = Release|Any CPU
		{90AB6B82-9F1F-4299-80FE-8BBE2679F89D}.Release|Any CPU.Build.0 = Release|Any CPU
	EndGlobalSection
	GlobalSection(SolutionProperties) = preSolution
		HideSolutionNode = FALSE
	EndGlobalSection
	GlobalSection(ExtensibilityGlobals) = postSolution
		SolutionGuid = {ADF0B59B-99B6-46AE-81D8-472ECB67E9FD}
	EndGlobalSection
EndGlobal
